
Microsoft Visual Studio Solution File, Format Version 12.00
# Visual Studio Version 17
VisualStudioVersion = 17.5.33502.453
MinimumVisualStudioVersion = 10.0.40219.1
Project("{FAE04EC0-301F-11D3-BF4B-00C04F79EFBC}") = "TTT.Server", "TTT.Server\TTT.Server.csproj", "{1C96F917-02AA-4944-B2AB-CBBD372B2E47}"
EndProject
Global
	GlobalSection(SolutionConfigurationPlatforms) = preSolution
		Debug|Any CPU = Debug|Any CPU
		Release|Any CPU = Release|Any CPU
	EndGlobalSection
	GlobalSection(ProjectConfigurationPlatforms) = postSolution
		{1C96F917-02AA-4944-B2AB-CBBD372B2E47}.Debug|Any CPU.ActiveCfg = Debug|Any CPU
		{1C96F917-02AA-4944-B2AB-CBBD372B2E47}.Debug|Any CPU.Build.0 = Debug|Any CPU
		{1C96F917-02AA-4944-B2AB-CBBD372B2E47}.Release|Any CPU.ActiveCfg = Release|Any CPU
		{1C96F917-02AA-4944-B2AB-CBBD372B2E47}.Release|Any CPU.Build.0 = Release|Any CPU
	EndGlobalSection
	GlobalSection(SolutionProperties) = preSolution
		HideSolutionNode = FALSE
	EndGlobalSection
	GlobalSection(ExtensibilityGlobals) = postSolution
		SolutionGuid = {E2A262B3-B7D5-4E5D-8FFA-D61603AF9007}
	EndGlobalSection
EndGlobal
